Microsoft Visual Studio Solution File, Format Version 12.00
# Visual Studio Version 17
VisualStudioVersion = 17.8.0.0
MinimumVisualStudioVersion = 10.0.40219.1
Project("{2150E333-8FDC-42A3-9474-1A3956D46DE8}") = "src", "src", "{A1B2C3D4-E5F6-7890-AB12-CD34EF567890}"
EndProject
Project("{2150E333-8FDC-42A3-9474-1A3956D46DE8}") = "tests", "tests", "{B2C3D4E5-F6A7-8901-BC23-DE45F6789ABC}"
EndProject
Project("{FAE04EC0-301F-11D3-BF4B-00C04F79EFBC}") = "TechnicalChallenge.Domain", "src\TechnicalChallenge.Domain\TechnicalChallenge.Domain.csproj", "{C3D4E5F6-A7B8-9012-CD34-EF56789ABCDE}"
EndProject
Project("{FAE04EC0-301F-11D3-BF4B-00C04F79EFBC}") = "TechnicalChallenge.Shared", "src\TechnicalChallenge.Shared\TechnicalChallenge.Shared.csproj", "{D4E5F6A7-B8C9-0123-DE45-F6789ABCDEF0}"
EndProject
Project("{FAE04EC0-301F-11D3-BF4B-00C04F79EFBC}") = "TechnicalChallenge.Application", "src\TechnicalChallenge.Application\TechnicalChallenge.Application.csproj", "{E5F6A7B8-C9D0-1234-EF56-789ABCDEF012}"
EndProject
Project("{FAE04EC0-301F-11D3-BF4B-00C04F79EFBC}") = "TechnicalChallenge.Infrastructure", "src\TechnicalChallenge.Infrastructure\TechnicalChallenge.Infrastructure.csproj", "{F6A7B8C9-D0E1-2345-F678-9ABCDEF01234}"
EndProject
Project("{FAE04EC0-301F-11D3-BF4B-00C04F79EFBC}") = "TechnicalChallenge.API", "src\TechnicalChallenge.API\TechnicalChallenge.API.csproj", "{A7B8C9D0-E1F2-3456-A789-BCDEF0123456}"
EndProject
Project("{FAE04EC0-301F-11D3-BF4B-00C04F79EFBC}") = "TechnicalChallenge.Domain.Tests", "tests\TechnicalChallenge.Domain.Tests\TechnicalChallenge.Domain.Tests.csproj", "{B8C9D0E1-F2A3-4567-B890-CDEF01234567}"
EndProject
Project("{FAE04EC0-301F-11D3-BF4B-00C04F79EFBC}") = "TechnicalChallenge.Application.Tests", "tests\TechnicalChallenge.Application.Tests\TechnicalChallenge.Application.Tests.csproj", "{C9D0E1F2-A3B4-5678-C901-DEF012345678}"
EndProject
Project("{FAE04EC0-301F-11D3-BF4B-00C04F79EFBC}") = "TechnicalChallenge.Infrastructure.Tests", "tests\TechnicalChallenge.Infrastructure.Tests\TechnicalChallenge.Infrastructure.Tests.csproj", "{B5B1DBD3-44D7-4F6D-8B48-8E2A05D686C9}"
EndProject
Global
	GlobalSection(SolutionConfigurationPlatforms) = preSolution
		Debug|Any CPU = Debug|Any CPU
		Release|Any CPU = Release|Any CPU
	EndGlobalSection
	GlobalSection(ProjectConfigurationPlatforms) = postSolution
		{C3D4E5F6-A7B8-9012-CD34-EF56789ABCDE}.Debug|Any CPU.ActiveCfg = Debug|Any CPU
		{C3D4E5F6-A7B8-9012-CD34-EF56789ABCDE}.Debug|Any CPU.Build.0 = Debug|Any CPU
		{C3D4E5F6-A7B8-9012-CD34-EF56789ABCDE}.Release|Any CPU.ActiveCfg = Release|Any CPU
		{C3D4E5F6-A7B8-9012-CD34-EF56789ABCDE}.Release|Any CPU.Build.0 = Release|Any CPU
		{D4E5F6A7-B8C9-0123-DE45-F6789ABCDEF0}.Debug|Any CPU.ActiveCfg = Debug|Any CPU
		{D4E5F6A7-B8C9-0123-DE45-F6789ABCDEF0}.Debug|Any CPU.Build.0 = Debug|Any CPU
		{D4E5F6A7-B8C9-0123-DE45-F6789ABCDEF0}.Release|Any CPU.ActiveCfg = Release|Any CPU
		{D4E5F6A7-B8C9-0123-DE45-F6789ABCDEF0}.Release|Any CPU.Build.0 = Release|Any CPU
		{E5F6A7B8-C9D0-1234-EF56-789ABCDEF012}.Debug|Any CPU.ActiveCfg = Debug|Any CPU
		{E5F6A7B8-C9D0-1234-EF56-789ABCDEF012}.Debug|Any CPU.Build.0 = Debug|Any CPU
		{E5F6A7B8-C9D0-1234-EF56-789ABCDEF012}.Release|Any CPU.ActiveCfg = Release|Any CPU
		{E5F6A7B8-C9D0-1234-EF56-789ABCDEF012}.Release|Any CPU.Build.0 = Release|Any CPU
		{F6A7B8C9-D0E1-2345-F678-9ABCDEF01234}.Debug|Any CPU.ActiveCfg = Debug|Any CPU
		{F6A7B8C9-D0E1-2345-F678-9ABCDEF01234}.Debug|Any CPU.Build.0 = Debug|Any CPU
		{F6A7B8C9-D0E1-2345-F678-9ABCDEF01234}.Release|Any CPU.ActiveCfg = Release|Any CPU
		{F6A7B8C9-D0E1-2345-F678-9ABCDEF01234}.Release|Any CPU.Build.0 = Release|Any CPU
		{A7B8C9D0-E1F2-3456-A789-BCDEF0123456}.Debug|Any CPU.ActiveCfg = Debug|Any CPU
		{A7B8C9D0-E1F2-3456-A789-BCDEF0123456}.Debug|Any CPU.Build.0 = Debug|Any CPU
		{A7B8C9D0-E1F2-3456-A789-BCDEF0123456}.Release|Any CPU.ActiveCfg = Release|Any CPU
		{A7B8C9D0-E1F2-3456-A789-BCDEF0123456}.Release|Any CPU.Build.0 = Release|Any CPU
		{B8C9D0E1-F2A3-4567-B890-CDEF01234567}.Debug|Any CPU.ActiveCfg = Debug|Any CPU
		{B8C9D0E1-F2A3-4567-B890-CDEF01234567}.Debug|Any CPU.Build.0 = Debug|Any CPU
		{B8C9D0E1-F2A3-4567-B890-CDEF01234567}.Release|Any CPU.ActiveCfg = Release|Any CPU
		{B8C9D0E1-F2A3-4567-B890-CDEF01234567}.Release|Any CPU.Build.0 = Release|Any CPU
		{C9D0E1F2-A3B4-5678-C901-DEF012345678}.Debug|Any CPU.ActiveCfg = Debug|Any CPU
		{C9D0E1F2-A3B4-5678-C901-DEF012345678}.Debug|Any CPU.Build.0 = Debug|Any CPU
		{C9D0E1F2-A3B4-5678-C901-DEF012345678}.Release|Any CPU.ActiveCfg = Release|Any CPU
		{C9D0E1F2-A3B4-5678-C901-DEF012345678}.Release|Any CPU.Build.0 = Release|Any CPU
		{B5B1DBD3-44D7-4F6D-8B48-8E2A05D686C9}.Debug|Any CPU.ActiveCfg = Debug|Any CPU
		{B5B1DBD3-44D7-4F6D-8B48-8E2A05D686C9}.Debug|Any CPU.Build.0 = Debug|Any CPU
		{B5B1DBD3-44D7-4F6D-8B48-8E2A05D686C9}.Release|Any CPU.ActiveCfg = Release|Any CPU
		{B5B1DBD3-44D7-4F6D-8B48-8E2A05D686C9}.Release|Any CPU.Build.0 = Release|Any CPU
	EndGlobalSection
	GlobalSection(SolutionProperties) = preSolution
		HideSolutionNode = FALSE
	EndGlobalSection
	GlobalSection(ExtensibilityGlobals) = postSolution
		SolutionGuid = {4B71E9EB-3E91-4D88-B746-B3AC597670A8}
	EndGlobalSection
EndGlobal
